
Microsoft Visual Studio Solution File, Format Version 12.00
# Visual Studio 15
VisualStudioVersion = 15.0.28307.329
MinimumVisualStudioVersion = 10.0.40219.1
Project("{FAE04EC0-301F-11D3-BF4B-00C04F79EFBC}") = "ProjectZia.Android", "ProjectZia\ProjectZia.Android\ProjectZia.Android.csproj", "{7C44D9F6-B391-4C80-A535-3E3BA3A591E2}"
EndProject
Project("{FAE04EC0-301F-11D3-BF4B-00C04F79EFBC}") = "ProjectZia", "ProjectZia\ProjectZia\ProjectZia.csproj", "{860AB112-7E4A-4F20-8F79-9DD80C354EA4}"
EndProject
Global
	GlobalSection(SolutionConfigurationPlatforms) = preSolution
		Debug|Any CPU = Debug|Any CPU
		Release|Any CPU = Release|Any CPU
	EndGlobalSection
	GlobalSection(ProjectConfigurationPlatforms) = postSolution
		{7C44D9F6-B391-4C80-A535-3E3BA3A591E2}.Debug|Any CPU.ActiveCfg = Debug|Any CPU
		{7C44D9F6-B391-4C80-A535-3E3BA3A591E2}.Debug|Any CPU.Build.0 = Debug|Any CPU
		{7C44D9F6-B391-4C80-A535-3E3BA3A591E2}.Debug|Any CPU.Deploy.0 = Debug|Any CPU
		{7C44D9F6-B391-4C80-A535-3E3BA3A591E2}.Release|Any CPU.ActiveCfg = Release|Any CPU
		{7C44D9F6-B391-4C80-A535-3E3BA3A591E2}.Release|Any CPU.Build.0 = Release|Any CPU
		{7C44D9F6-B391-4C80-A535-3E3BA3A591E2}.Release|Any CPU.Deploy.0 = Release|Any CPU
		{860AB112-7E4A-4F20-8F79-9DD80C354EA4}.Debug|Any CPU.ActiveCfg = Debug|Any CPU
		{860AB112-7E4A-4F20-8F79-9DD80C354EA4}.Debug|Any CPU.Build.0 = Debug|Any CPU
		{860AB112-7E4A-4F20-8F79-9DD80C354EA4}.Debug|Any CPU.Deploy.0 = Debug|Any CPU
		{860AB112-7E4A-4F20-8F79-9DD80C354EA4}.Release|Any CPU.ActiveCfg = Release|Any CPU
		{860AB112-7E4A-4F20-8F79-9DD80C354EA4}.Release|Any CPU.Build.0 = Release|Any CPU
		{860AB112-7E4A-4F20-8F79-9DD80C354EA4}.Release|Any CPU.Deploy.0 = Release|Any CPU
	EndGlobalSection
	GlobalSection(SolutionProperties) = preSolution
		HideSolutionNode = FALSE
	EndGlobalSection
	GlobalSection(ExtensibilityGlobals) = postSolution
		SolutionGuid = {885DEEA6-259B-49E4-9EEE-FC32A14E3E7D}
	EndGlobalSection
EndGlobal
